
Microsoft Visual Studio Solution File, Format Version 12.00
Project("{FAE04EC0-301F-11D3-BF4B-00C04F79EFBC}") = "Day01", "Day01\Day01.csproj", "{5C7CBED1-67EE-436B-AD11-B9F766E22651}"
EndProject
Project("{FAE04EC0-301F-11D3-BF4B-00C04F79EFBC}") = "Day02", "Day02\Day02.csproj", "{4D86BD1A-111F-45BF-B715-B654D9F0043A}"
EndProject
Project("{FAE04EC0-301F-11D3-BF4B-00C04F79EFBC}") = "Utils", "Utils\Utils.csproj", "{352985EB-B56E-4334-B52B-B9FB30BDC386}"
EndProject
Project("{FAE04EC0-301F-11D3-BF4B-00C04F79EFBC}") = "_DayTemplate", "_DayTemplate\_DayTemplate.csproj", "{F3454E7A-D4B8-41D0-AB53-81F5CD126979}"
EndProject
Project("{FAE04EC0-301F-11D3-BF4B-00C04F79EFBC}") = "Day03", "Day03\Day03.csproj", "{C6C672CA-995F-40EA-870E-3B1749DDD3B4}"
EndProject
Project("{FAE04EC0-301F-11D3-BF4B-00C04F79EFBC}") = "Day04", "Day04\Day04.csproj", "{43DA201C-0347-4294-AD72-3CDAA42E881A}"
EndProject
Project("{FAE04EC0-301F-11D3-BF4B-00C04F79EFBC}") = "Day05", "Day05\Day05.csproj", "{5E1A15CE-5428-423A-B8C1-9CAC6FC75DFE}"
EndProject
Project("{FAE04EC0-301F-11D3-BF4B-00C04F79EFBC}") = "Day06", "Day06\Day06.csproj", "{493BBE82-8715-4948-923E-CAEBC8100C5C}"
EndProject
Project("{FAE04EC0-301F-11D3-BF4B-00C04F79EFBC}") = "Day07", "Day07\Day07.csproj", "{FE8DAC31-6773-4EA3-9906-DC2E74788782}"
EndProject
Project("{FAE04EC0-301F-11D3-BF4B-00C04F79EFBC}") = "Day08", "Day08\Day08.csproj", "{B555436A-ADA5-42A3-B72E-6F923695E00A}"
EndProject
Project("{FAE04EC0-301F-11D3-BF4B-00C04F79EFBC}") = "Day09", "Day09\Day09.csproj", "{89CB9937-7093-4BD6-9CAA-B3D022E25E71}"
EndProject
Project("{FAE04EC0-301F-11D3-BF4B-00C04F79EFBC}") = "Day10", "Day10\Day10.csproj", "{E4890E22-2EFC-4D2C-A105-85894662248B}"
EndProject
Project("{FAE04EC0-301F-11D3-BF4B-00C04F79EFBC}") = "Day11", "Day11\Day11.csproj", "{38551889-63DB-493F-83BC-8B85E8DB2D76}"
EndProject
Project("{FAE04EC0-301F-11D3-BF4B-00C04F79EFBC}") = "Day12", "Day12\Day12.csproj", "{5D72A60E-7554-470E-9523-3C763DCC91F4}"
EndProject
Global
	GlobalSection(SolutionConfigurationPlatforms) = preSolution
		Debug|Any CPU = Debug|Any CPU
		Release|Any CPU = Release|Any CPU
	EndGlobalSection
	GlobalSection(ProjectConfigurationPlatforms) = postSolution
		{5C7CBED1-67EE-436B-AD11-B9F766E22651}.Debug|Any CPU.ActiveCfg = Debug|Any CPU
		{5C7CBED1-67EE-436B-AD11-B9F766E22651}.Debug|Any CPU.Build.0 = Debug|Any CPU
		{5C7CBED1-67EE-436B-AD11-B9F766E22651}.Release|Any CPU.ActiveCfg = Release|Any CPU
		{5C7CBED1-67EE-436B-AD11-B9F766E22651}.Release|Any CPU.Build.0 = Release|Any CPU
		{4D86BD1A-111F-45BF-B715-B654D9F0043A}.Debug|Any CPU.ActiveCfg = Debug|Any CPU
		{4D86BD1A-111F-45BF-B715-B654D9F0043A}.Debug|Any CPU.Build.0 = Debug|Any CPU
		{4D86BD1A-111F-45BF-B715-B654D9F0043A}.Release|Any CPU.ActiveCfg = Release|Any CPU
		{4D86BD1A-111F-45BF-B715-B654D9F0043A}.Release|Any CPU.Build.0 = Release|Any CPU
		{352985EB-B56E-4334-B52B-B9FB30BDC386}.Debug|Any CPU.ActiveCfg = Debug|Any CPU
		{352985EB-B56E-4334-B52B-B9FB30BDC386}.Debug|Any CPU.Build.0 = Debug|Any CPU
		{352985EB-B56E-4334-B52B-B9FB30BDC386}.Release|Any CPU.ActiveCfg = Release|Any CPU
		{352985EB-B56E-4334-B52B-B9FB30BDC386}.Release|Any CPU.Build.0 = Release|Any CPU
		{F3454E7A-D4B8-41D0-AB53-81F5CD126979}.Debug|Any CPU.ActiveCfg = Debug|Any CPU
		{F3454E7A-D4B8-41D0-AB53-81F5CD126979}.Debug|Any CPU.Build.0 = Debug|Any CPU
		{F3454E7A-D4B8-41D0-AB53-81F5CD126979}.Release|Any CPU.ActiveCfg = Release|Any CPU
		{F3454E7A-D4B8-41D0-AB53-81F5CD126979}.Release|Any CPU.Build.0 = Release|Any CPU
		{C6C672CA-995F-40EA-870E-3B1749DDD3B4}.Debug|Any CPU.ActiveCfg = Debug|Any CPU
		{C6C672CA-995F-40EA-870E-3B1749DDD3B4}.Debug|Any CPU.Build.0 = Debug|Any CPU
		{C6C672CA-995F-40EA-870E-3B1749DDD3B4}.Release|Any CPU.ActiveCfg = Release|Any CPU
		{C6C672CA-995F-40EA-870E-3B1749DDD3B4}.Release|Any CPU.Build.0 = Release|Any CPU
		{43DA201C-0347-4294-AD72-3CDAA42E881A}.Debug|Any CPU.ActiveCfg = Debug|Any CPU
		{43DA201C-0347-4294-AD72-3CDAA42E881A}.Debug|Any CPU.Build.0 = Debug|Any CPU
		{43DA201C-0347-4294-AD72-3CDAA42E881A}.Release|Any CPU.ActiveCfg = Release|Any CPU
		{43DA201C-0347-4294-AD72-3CDAA42E881A}.Release|Any CPU.Build.0 = Release|Any CPU
		{5E1A15CE-5428-423A-B8C1-9CAC6FC75DFE}.Debug|Any CPU.ActiveCfg = Debug|Any CPU
		{5E1A15CE-5428-423A-B8C1-9CAC6FC75DFE}.Debug|Any CPU.Build.0 = Debug|Any CPU
		{5E1A15CE-5428-423A-B8C1-9CAC6FC75DFE}.Release|Any CPU.ActiveCfg = Release|Any CPU
		{5E1A15CE-5428-423A-B8C1-9CAC6FC75DFE}.Release|Any CPU.Build.0 = Release|Any CPU
		{493BBE82-8715-4948-923E-CAEBC8100C5C}.Debug|Any CPU.ActiveCfg = Debug|Any CPU
		{493BBE82-8715-4948-923E-CAEBC8100C5C}.Debug|Any CPU.Build.0 = Debug|Any CPU
		{493BBE82-8715-4948-923E-CAEBC8100C5C}.Release|Any CPU.ActiveCfg = Release|Any CPU
		{493BBE82-8715-4948-923E-CAEBC8100C5C}.Release|Any CPU.Build.0 = Release|Any CPU
		{FE8DAC31-6773-4EA3-9906-DC2E74788782}.Debug|Any CPU.ActiveCfg = Debug|Any CPU
		{FE8DAC31-6773-4EA3-9906-DC2E74788782}.Debug|Any CPU.Build.0 = Debug|Any CPU
		{FE8DAC31-6773-4EA3-9906-DC2E74788782}.Release|Any CPU.ActiveCfg = Release|Any CPU
		{FE8DAC31-6773-4EA3-9906-DC2E74788782}.Release|Any CPU.Build.0 = Release|Any CPU
		{B555436A-ADA5-42A3-B72E-6F923695E00A}.Debug|Any CPU.ActiveCfg = Debug|Any CPU
		{B555436A-ADA5-42A3-B72E-6F923695E00A}.Debug|Any CPU.Build.0 = Debug|Any CPU
		{B555436A-ADA5-42A3-B72E-6F923695E00A}.Release|Any CPU.ActiveCfg = Release|Any CPU
		{B555436A-ADA5-42A3-B72E-6F923695E00A}.Release|Any CPU.Build.0 = Release|Any CPU
		{89CB9937-7093-4BD6-9CAA-B3D022E25E71}.Debug|Any CPU.ActiveCfg = Debug|Any CPU
		{89CB9937-7093-4BD6-9CAA-B3D022E25E71}.Debug|Any CPU.Build.0 = Debug|Any CPU
		{89CB9937-7093-4BD6-9CAA-B3D022E25E71}.Release|Any CPU.ActiveCfg = Release|Any CPU
		{89CB9937-7093-4BD6-9CAA-B3D022E25E71}.Release|Any CPU.Build.0 = Release|Any CPU
		{E4890E22-2EFC-4D2C-A105-85894662248B}.Debug|Any CPU.ActiveCfg = Debug|Any CPU
		{E4890E22-2EFC-4D2C-A105-85894662248B}.Debug|Any CPU.Build.0 = Debug|Any CPU
		{E4890E22-2EFC-4D2C-A105-85894662248B}.Release|Any CPU.ActiveCfg = Release|Any CPU
		{E4890E22-2EFC-4D2C-A105-85894662248B}.Release|Any CPU.Build.0 = Release|Any CPU
		{38551889-63DB-493F-83BC-8B85E8DB2D76}.Debug|Any CPU.ActiveCfg = Debug|Any CPU
		{38551889-63DB-493F-83BC-8B85E8DB2D76}.Debug|Any CPU.Build.0 = Debug|Any CPU
		{38551889-63DB-493F-83BC-8B85E8DB2D76}.Release|Any CPU.ActiveCfg = Release|Any CPU
		{38551889-63DB-493F-83BC-8B85E8DB2D76}.Release|Any CPU.Build.0 = Release|Any CPU
		{5D72A60E-7554-470E-9523-3C763DCC91F4}.Debug|Any CPU.ActiveCfg = Debug|Any CPU
		{5D72A60E-7554-470E-9523-3C763DCC91F4}.Debug|Any CPU.Build.0 = Debug|Any CPU
		{5D72A60E-7554-470E-9523-3C763DCC91F4}.Release|Any CPU.ActiveCfg = Release|Any CPU
		{5D72A60E-7554-470E-9523-3C763DCC91F4}.Release|Any CPU.Build.0 = Release|Any CPU
	EndGlobalSection
EndGlobal
